{
  "name": "pi-llama-cpp",
  "version": "0.7.1",
  "lockfileVersion": 3,
  "requires": true,
  "packages": {
    "": {
      "name": "pi-llama-cpp",
      "version": "0.7.1",
      "peerDependencies": {
        "@earendil-works/pi-coding-agent": "*",
        "@earendil-works/pi-tui": "*"
      }
    },
    "node_modules/pi-llama-cpp": {
      "version": "0.7.1",
      "resolved": "https://registry.npmjs.org/pi-llama-cpp/-/pi-llama-cpp-0.7.1.tgz",
      "integrity": "sha512-3Q9vXEPjACWhQLwChXuCxQj4vtkfsMQC5lDdFsGDoYn7fB0zzvC0HfkRedorWcqDA3/Ps6QQSjTczmqSPOcT5g==",
      "license": "MIT",
      "peerDependencies": {
        "@earendil-works/pi-coding-agent": "*",
        "@earendil-works/pi-tui": "*"
      }
    }
  }
}
