{
  "name": "@tifan/pi-fixed-editor",
  "version": "0.2.2",
  "lockfileVersion": 3,
  "requires": true,
  "packages": {
    "": {
      "name": "@tifan/pi-fixed-editor",
      "version": "0.2.2",
      "peerDependencies": {
        "@earendil-works/pi-coding-agent": ">=0.78.0",
        "@earendil-works/pi-tui": ">=0.78.0"
      }
    },
    "node_modules/@tifan/pi-fixed-editor": {
      "version": "0.2.2",
      "resolved": "https://registry.npmjs.org/@tifan/pi-fixed-editor/-/pi-fixed-editor-0.2.2.tgz",
      "integrity": "sha512-8+cuDAGYymludD+2E+sX6Dqqm/8W/1cE5MACtB/zkHwUiRYiHnrQDHws3crZQIRnBJbyrJEQdtCzzi0QX/8Dkw==",
      "license": "MIT",
      "engines": {
        "node": ">=20"
      },
      "peerDependencies": {
        "@earendil-works/pi-coding-agent": ">=0.78.0",
        "@earendil-works/pi-tui": ">=0.78.0"
      }
    }
  }
}
