{
  "name": "pi-nvim-buffer",
  "version": "0.1.0",
  "lockfileVersion": 3,
  "requires": true,
  "packages": {
    "": {
      "name": "pi-nvim-buffer",
      "version": "0.1.0",
      "dependencies": {
        "msgpackr": "^1.11.10"
      }
    },
    "../../../../.npm-global/lib/node_modules/pi-msgpack-rpc/node_modules/msgpackr": {
      "version": "1.11.12",
      "license": "MIT",
      "devDependencies": {
        "@rollup/plugin-json": "^5.0.1",
        "@rollup/plugin-replace": "^5.0.1",
        "@rollup/plugin-terser": "^0.1.0",
        "@types/node": "latest",
        "async": "^3",
        "chai": "^4.3.4",
        "cpy-cli": "^4.1.0",
        "esm": "^3.2.25",
        "mocha": "^10.1.0",
        "rollup": "^3.2.5"
      },
      "optionalDependencies": {
        "msgpackr-extract": "^3.0.2"
      }
    },
    "node_modules/msgpackr": {
      "resolved": "../../../../.npm-global/lib/node_modules/pi-msgpack-rpc/node_modules/msgpackr",
      "link": true
    }
  }
}
